
Microsoft Visual Studio Solution File, Format Version 12.00
# Visual Studio Version 17
VisualStudioVersion = 17.5.33424.131
MinimumVisualStudioVersion = 10.0.40219.1
Project("{FAE04EC0-301F-11D3-BF4B-00C04F79EFBC}") = "Point_line3", "Point_line3\Point_line3.csproj", "{0F73354D-91DF-41A7-907B-E7D0ADDBEC39}"
EndProject
Global
	GlobalSection(SolutionConfigurationPlatforms) = preSolution
		Debug|Any CPU = Debug|Any CPU
		Release|Any CPU = Release|Any CPU
	EndGlobalSection
	GlobalSection(ProjectConfigurationPlatforms) = postSolution
		{0F73354D-91DF-41A7-907B-E7D0ADDBEC39}.Debug|Any CPU.ActiveCfg = Debug|Any CPU
		{0F73354D-91DF-41A7-907B-E7D0ADDBEC39}.Debug|Any CPU.Build.0 = Debug|Any CPU
		{0F73354D-91DF-41A7-907B-E7D0ADDBEC39}.Release|Any CPU.ActiveCfg = Release|Any CPU
		{0F73354D-91DF-41A7-907B-E7D0ADDBEC39}.Release|Any CPU.Build.0 = Release|Any CPU
	EndGlobalSection
	GlobalSection(SolutionProperties) = preSolution
		HideSolutionNode = FALSE
	EndGlobalSection
	GlobalSection(ExtensibilityGlobals) = postSolution
		SolutionGuid = {9B3993FE-68FC-4AD5-8AC9-B46CFA8CF68D}
	EndGlobalSection
EndGlobal
